PODS:
  - Flutter (1.0.0)

DEPENDENCIES:
  - Flutter (from `.symlinks/flutter/ios`)

EXTERNAL SOURCES:
  Flutter:
    :path: ".symlinks/flutter/ios"

SPEC CHECKSUMS:
  Flutter: 58dd7d1b27887414a370fcccb9e645c08ffd7a6a

PODFILE CHECKSUM: 5ca15427cb358031316550a226cc5cfbec86417f

COCOAPODS: 1.7.0.beta.3
